
Microsoft Visual Studio Solution File, Format Version 12.00
# Visual Studio Version 17
VisualStudioVersion = 17.1.32407.343
MinimumVisualStudioVersion = 10.0.40219.1
Project("{8BC9CEB8-8B4A-11D0-8D11-00A0C91BC942}") = "read_some_file_sub_4", "read_some_file_sub_4\read_some_file_sub_4.vcxproj", "{0AC4ECD4-2967-4CB3-A61A-25D1B8319044}"
EndProject
Global
	GlobalSection(SolutionConfigurationPlatforms) = preSolution
		Debug|x64 = Debug|x64
		Debug|x86 = Debug|x86
		Release|x64 = Release|x64
		Release|x86 = Release|x86
	EndGlobalSection
	GlobalSection(ProjectConfigurationPlatforms) = postSolution
		{0AC4ECD4-2967-4CB3-A61A-25D1B8319044}.Debug|x64.ActiveCfg = Debug|x64
		{0AC4ECD4-2967-4CB3-A61A-25D1B8319044}.Debug|x64.Build.0 = Debug|x64
		{0AC4ECD4-2967-4CB3-A61A-25D1B8319044}.Debug|x86.ActiveCfg = Debug|Win32
		{0AC4ECD4-2967-4CB3-A61A-25D1B8319044}.Debug|x86.Build.0 = Debug|Win32
		{0AC4ECD4-2967-4CB3-A61A-25D1B8319044}.Release|x64.ActiveCfg = Release|x64
		{0AC4ECD4-2967-4CB3-A61A-25D1B8319044}.Release|x64.Build.0 = Release|x64
		{0AC4ECD4-2967-4CB3-A61A-25D1B8319044}.Release|x86.ActiveCfg = Release|Win32
		{0AC4ECD4-2967-4CB3-A61A-25D1B8319044}.Release|x86.Build.0 = Release|Win32
	EndGlobalSection
	GlobalSection(SolutionProperties) = preSolution
		HideSolutionNode = FALSE
	EndGlobalSection
	GlobalSection(ExtensibilityGlobals) = postSolution
		SolutionGuid = {21B7D881-5144-4C9A-83E6-C439C2CFB631}
	EndGlobalSection
EndGlobal
